// !$*UTF8*$!
{
	archiveVersion = 1;
	classes = {
	};
	objectVersion = 56;
	objects = {

/* Begin PBXBuildFile section */
		FCA2D6812AD6C83A009BABEC /* AppDelegate.swift in Sources */ = {isa = PBXBuildFile; fileRef = FCA2D6802AD6C83A009BABEC /* AppDelegate.swift */; };
		FCA2D6832AD6C83A009BABEC /* SceneDelegate.swift in Sources */ = {isa = PBXBuildFile; fileRef = FCA2D6822AD6C83A009BABEC /* SceneDelegate.swift */; };
		FCA2D6852AD6C83A009BABEC /* ViewController.swift in Sources */ = {isa = PBXBuildFile; fileRef = FCA2D6842AD6C83A009BABEC /* ViewController.swift */; };
		FCA2D6882AD6C83A009BABEC /* Main.storyboard in Resources */ = {isa = PBXBuildFile; fileRef = FCA2D6862AD6C83A009BABEC /* Main.storyboard */; };
		FCA2D68A2AD6C83B009BABEC /* Assets.xcassets in Resources */ = {isa = PBXBuildFile; fileRef = FCA2D6892AD6C83B009BABEC /* Assets.xcassets */; };
		FCA2D68D2AD6C83B009BABEC /* LaunchScreen.storyboard in Resources */ = {isa = PBXBuildFile; fileRef = FCA2D68B2AD6C83B009BABEC /* LaunchScreen.storyboard */; };
		FCA2D6952AD6CFA0009BABEC /* DetalleViewController.swift in Sources */ = {isa = PBXBuildFile; fileRef = FCA2D6942AD6CFA0009BABEC /* DetalleViewController.swift */; };
		FCA2D6972AD6D251009BABEC /* TableViewController.swift in Sources */ = {isa = PBXBuildFile; fileRef = FCA2D6962AD6D251009BABEC /* TableViewController.swift */; };
		FCA2D6992AD6D38B009BABEC /* CollectionViewController.swift in Sources */ = {isa = PBXBuildFile; fileRef = FCA2D6982AD6D38B009BABEC /* CollectionViewController.swift */; };
		FCA2D69B2AD6D500009BABEC /* CeldaCollectionViewCell.swift in Sources */ = {isa = PBXBuildFile; fileRef = FCA2D69A2AD6D500009BABEC /* CeldaCollectionViewCell.swift */; };
/* End PBXBuildFile section */

/* Begin PBXFileReference section */
		FCA2D67D2AD6C83A009BABEC /* TablasUIKit.app */ = {isa = PBXFileReference; explicitFileType = wrapper.application; includeInIndex = 0; path = TablasUIKit.app; sourceTree = BUILT_PRODUCTS_DIR; };
		FCA2D6802AD6C83A009BABEC /* AppDelegate.swift */ = {isa = PBXFileReference; lastKnownFileType = sourcecode.swift; path = AppDelegate.swift; sourceTree = "<group>"; };
		FCA2D6822AD6C83A009BABEC /* SceneDelegate.swift */ = {isa = PBXFileReference; lastKnownFileType = sourcecode.swift; path = SceneDelegate.swift; sourceTree = "<group>"; };
		FCA2D6842AD6C83A009BABEC /* ViewController.swift */ = {isa = PBXFileReference; lastKnownFileType = sourcecode.swift; path = ViewController.swift; sourceTree = "<group>"; };
		FCA2D6872AD6C83A009BABEC /* Base */ = {isa = PBXFileReference; lastKnownFileType = file.storyboard; name = Base; path = Base.lproj/Main.storyboard; sourceTree = "<group>"; };
		FCA2D6892AD6C83B009BABEC /* Assets.xcassets */ = {isa = PBXFileReference; lastKnownFileType = folder.assetcatalog; path = Assets.xcassets; sourceTree = "<group>"; };
		FCA2D68C2AD6C83B009BABEC /* Base */ = {isa = PBXFileReference; lastKnownFileType = file.storyboard; name = Base; path = Base.lproj/LaunchScreen.storyboard; sourceTree = "<group>"; };
		FCA2D68E2AD6C83B009BABEC /* Info.plist */ = {isa = PBXFileReference; lastKnownFileType = text.plist.xml; path = Info.plist; sourceTree = "<group>"; };
		FCA2D6942AD6CFA0009BABEC /* DetalleViewController.swift */ = {isa = PBXFileReference; lastKnownFileType = sourcecode.swift; path = DetalleViewController.swift; sourceTree = "<group>"; };
		FCA2D6962AD6D251009BABEC /* TableViewController.swift */ = {isa = PBXFileReference; lastKnownFileType = sourcecode.swift; path = TableViewController.swift; sourceTree = "<group>"; };
		FCA2D6982AD6D38B009BABEC /* CollectionViewController.swift */ = {isa = PBXFileReference; lastKnownFileType = sourcecode.swift; path = CollectionViewController.swift; sourceTree = "<group>"; };
		FCA2D69A2AD6D500009BABEC /* CeldaCollectionViewCell.swift */ = {isa = PBXFileReference; lastKnownFileType = sourcecode.swift; path = CeldaCollectionViewCell.swift; sourceTree = "<group>"; };
/* End PBXFileReference section */

/* Begin PBXFrameworksBuildPhase section */
		FCA2D67A2AD6C83A009BABEC /* Frameworks */ = {
			isa = PBXFrameworksBuildPhase;
			buildActionMask = 2147483647;
			files = (
			);
			runOnlyForDeploymentPostprocessing = 0;
		};
/* End PBXFrameworksBuildPhase section */

/* Begin PBXGroup section */
		FCA2D6742AD6C83A009BABEC = {
			isa = PBXGroup;
			children = (
				FCA2D67F2AD6C83A009BABEC /* TablasUIKit */,
				FCA2D67E2AD6C83A009BABEC /* Products */,
			);
			sourceTree = "<group>";
		};
		FCA2D67E2AD6C83A009BABEC /* Products */ = {
			isa = PBXGroup;
			children = (
				FCA2D67D2AD6C83A009BABEC /* TablasUIKit.app */,
			);
			name = Products;
			sourceTree = "<group>";
		};
		FCA2D67F2AD6C83A009BABEC /* TablasUIKit */ = {
			isa = PBXGroup;
			children = (
				FCA2D6802AD6C83A009BABEC /* AppDelegate.swift */,
				FCA2D6822AD6C83A009BABEC /* SceneDelegate.swift */,
				FCA2D6842AD6C83A009BABEC /* ViewController.swift */,
				FCA2D6862AD6C83A009BABEC /* Main.storyboard */,
				FCA2D6892AD6C83B009BABEC /* Assets.xcassets */,
				FCA2D68B2AD6C83B009BABEC /* LaunchScreen.storyboard */,
				FCA2D68E2AD6C83B009BABEC /* Info.plist */,
				FCA2D6942AD6CFA0009BABEC /* DetalleViewController.swift */,
				FCA2D6962AD6D251009BABEC /* TableViewController.swift */,
				FCA2D6982AD6D38B009BABEC /* CollectionViewController.swift */,
				FCA2D69A2AD6D500009BABEC /* CeldaCollectionViewCell.swift */,
			);
			path = TablasUIKit;
			sourceTree = "<group>";
		};
/* End PBXGroup section */

/* Begin PBXNativeTarget section */
		FCA2D67C2AD6C83A009BABEC /* TablasUIKit */ = {
			isa = PBXNativeTarget;
			buildConfigurationList = FCA2D6912AD6C83B009BABEC /* Build configuration list for PBXNativeTarget "TablasUIKit" */;
			buildPhases = (
				FCA2D6792AD6C83A009BABEC /* Sources */,
				FCA2D67A2AD6C83A009BABEC /* Frameworks */,
				FCA2D67B2AD6C83A009BABEC /* Resources */,
			);
			buildRules = (
			);
			dependencies = (
			);
			name = TablasUIKit;
			productName = TablasUIKit;
			productReference = FCA2D67D2AD6C83A009BABEC /* TablasUIKit.app */;
			productType = "com.apple.product-type.application";
		};
/* End PBXNativeTarget section */

/* Begin PBXProject section */
		FCA2D6752AD6C83A009BABEC /* Project object */ = {
			isa = PBXProject;
			attributes = {
				BuildIndependentTargetsInParallel = 1;
				LastSwiftUpdateCheck = 1500;
				LastUpgradeCheck = 1500;
				TargetAttributes = {
					FCA2D67C2AD6C83A009BABEC = {
						CreatedOnToolsVersion = 15.0;
					};
				};
			};
			buildConfigurationList = FCA2D6782AD6C83A009BABEC /* Build configuration list for PBXProject "TablasUIKit" */;
			compatibilityVersion = "Xcode 14.0";
			developmentRegion = en;
			hasScannedForEncodings = 0;
			knownRegions = (
				en,
				Base,
			);
			mainGroup = FCA2D6742AD6C83A009BABEC;
			productRefGroup = FCA2D67E2AD6C83A009BABEC /* Products */;
			projectDirPath = "";
			projectRoot = "";
			targets = (
				FCA2D67C2AD6C83A009BABEC /* TablasUIKit */,
			);
		};
/* End PBXProject section */

/* Begin PBXResourcesBuildPhase section */
		FCA2D67B2AD6C83A009BABEC /* Resources */ = {
			isa = PBXResourcesBuildPhase;
			buildActionMask = 2147483647;
			files = (
				FCA2D68D2AD6C83B009BABEC /* LaunchScreen.storyboard in Resources */,
				FCA2D68A2AD6C83B009BABEC /* Assets.xcassets in Resources */,
				FCA2D6882AD6C83A009BABEC /* Main.storyboard in Resources */,
			);
			runOnlyForDeploymentPostprocessing = 0;
		};
/* End PBXResourcesBuildPhase section */

/* Begin PBXSourcesBuildPhase section */
		FCA2D6792AD6C83A009BABEC /* Sources */ = {
			isa = PBXSourcesBuildPhase;
			buildActionMask = 2147483647;
			files = (
				FCA2D6992AD6D38B009BABEC /* CollectionViewController.swift in Sources */,
				FCA2D6952AD6CFA0009BABEC /* DetalleViewController.swift in Sources */,
				FCA2D69B2AD6D500009BABEC /* CeldaCollectionViewCell.swift in Sources */,
				FCA2D6852AD6C83A009BABEC /* ViewController.swift in Sources */,
				FCA2D6812AD6C83A009BABEC /* AppDelegate.swift in Sources */,
				FCA2D6972AD6D251009BABEC /* TableViewController.swift in Sources */,
				FCA2D6832AD6C83A009BABEC /* SceneDelegate.swift in Sources */,
			);
			runOnlyForDeploymentPostprocessing = 0;
		};
/* End PBXSourcesBuildPhase section */

/* Begin PBXVariantGroup section */
		FCA2D6862AD6C83A009BABEC /* Main.storyboard */ = {
			isa = PBXVariantGroup;
			children = (
				FCA2D6872AD6C83A009BABEC /* Base */,
			);
			name = Main.storyboard;
			sourceTree = "<group>";
		};
		FCA2D68B2AD6C83B009BABEC /* LaunchScreen.storyboard */ = {
			isa = PBXVariantGroup;
			children = (
				FCA2D68C2AD6C83B009BABEC /* Base */,
			);
			name = LaunchScreen.storyboard;
			sourceTree = "<group>";
		};
/* End PBXVariantGroup section */

/* Begin XCBuildConfiguration section */
		FCA2D68F2AD6C83B009BABEC /* Debug */ = {
			isa = XCBuildConfiguration;
			buildSettings = {
				ALWAYS_SEARCH_USER_PATHS = NO;
				ASSETCATALOG_COMPILER_GENERATE_SWIFT_ASSET_SYMBOL_EXTENSIONS = YES;
				CLANG_ANALYZER_NONNULL = YES;
				CLANG_ANALYZER_NUMBER_OBJECT_CONVERSION = YES_AGGRESSIVE;
				CLANG_CXX_LANGUAGE_STANDARD = "gnu++20";
				CLANG_ENABLE_MODULES = YES;
				CLANG_ENABLE_OBJC_ARC = YES;
				CLANG_ENABLE_OBJC_WEAK = YES;
				CLANG_WARN_BLOCK_CAPTURE_AUTORELEASING = YES;
				CLANG_WARN_BOOL_CONVERSION = YES;
				CLANG_WARN_COMMA = YES;
				CLANG_WARN_CONSTANT_CONVERSION = YES;
				CLANG_WARN_DEPRECATED_OBJC_IMPLEMENTATIONS = YES;
				CLANG_WARN_DIRECT_OBJC_ISA_USAGE = YES_ERROR;
				CLANG_WARN_DOCUMENTATION_COMMENTS = YES;
				CLANG_WARN_EMPTY_BODY = YES;
				CLANG_WARN_ENUM_CONVERSION = YES;
				CLANG_WARN_INFINITE_RECURSION = YES;
				CLANG_WARN_INT_CONVERSION = YES;
				CLANG_WARN_NON_LITERAL_NULL_CONVERSION = YES;
				CLANG_WARN_OBJC_IMPLICIT_RETAIN_SELF = YES;
				CLANG_WARN_OBJC_LITERAL_CONVERSION = YES;
				CLANG_WARN_OBJC_ROOT_CLASS = YES_ERROR;
				CLANG_WARN_QUOTED_INCLUDE_IN_FRAMEWORK_HEADER = YES;
				CLANG_WARN_RANGE_LOOP_ANALYSIS = YES;
				CLANG_WARN_STRICT_PROTOTYPES = YES;
				CLANG_WARN_SUSPICIOUS_MOVE = YES;
				CLANG_WARN_UNGUARDED_AVAILABILITY = YES_AGGRESSIVE;
				CLANG_WARN_UNREACHABLE_CODE = YES;
				CLANG_WARN__DUPLICATE_METHOD_MATCH = YES;
				COPY_PHASE_STRIP = NO;
				DEBUG_INFORMATION_FORMAT = dwarf;
				ENABLE_STRICT_OBJC_MSGSEND = YES;
				ENABLE_TESTABILITY = YES;
				ENABLE_USER_SCRIPT_SANDBOXING = YES;
				GCC_C_LANGUAGE_STANDARD = gnu17;
				GCC_DYNAMIC_NO_PIC = NO;
				GCC_NO_COMMON_BLOCKS = YES;
				GCC_OPTIMIZATION_LEVEL = 0;
				GCC_PREPROCESSOR_DEFINITIONS = (
					"DEBUG=1",
					"$(inherited)",
				);
				GCC_WARN_64_TO_32_BIT_CONVERSION = YES;
				GCC_WARN_ABOUT_RETURN_TYPE = YES_ERROR;
				GCC_WARN_UNDECLARED_SELECTOR = YES;
				GCC_WARN_UNINITIALIZED_AUTOS = YES_AGGRESSIVE;
				GCC_WARN_UNUSED_FUNCTION = YES;
				GCC_WARN_UNUSED_VARIABLE = YES;
				IPHONEOS_DEPLOYMENT_TARGET = 17.0;
				LOCALIZATION_PREFERS_STRING_CATALOGS = YES;
				MTL_ENABLE_DEBUG_INFO = INCLUDE_SOURCE;
				MTL_FAST_MATH = YES;
				ONLY_ACTIVE_ARCH = YES;
				SDKROOT = iphoneos;
				SWIFT_ACTIVE_COMPILATION_CONDITIONS = "DEBUG $(inherited)";
				SWIFT_OPTIMIZATION_LEVEL = "-Onone";
			};
			name = Debug;
		};
		FCA2D6902AD6C83B009BABEC /* Release */ = {
			isa = XCBuildConfiguration;
			buildSettings = {
				ALWAYS_SEARCH_USER_PATHS = NO;
				ASSETCATALOG_COMPILER_GENERATE_SWIFT_ASSET_SYMBOL_EXTENSIONS = YES;
				CLANG_ANALYZER_NONNULL = YES;
				CLANG_ANALYZER_NUMBER_OBJECT_CONVERSION = YES_AGGRESSIVE;
				CLANG_CXX_LANGUAGE_STANDARD = "gnu++20";
				CLANG_ENABLE_MODULES = YES;
				CLANG_ENABLE_OBJC_ARC = YES;
				CLANG_ENABLE_OBJC_WEAK = YES;
				CLANG_WARN_BLOCK_CAPTURE_AUTORELEASING = YES;
				CLANG_WARN_BOOL_CONVERSION = YES;
				CLANG_WARN_COMMA = YES;
				CLANG_WARN_CONSTANT_CONVERSION = YES;
				CLANG_WARN_DEPRECATED_OBJC_IMPLEMENTATIONS = YES;
				CLANG_WARN_DIRECT_OBJC_ISA_USAGE = YES_ERROR;
				CLANG_WARN_DOCUMENTATION_COMMENTS = YES;
				CLANG_WARN_EMPTY_BODY = YES;
				CLANG_WARN_ENUM_CONVERSION = YES;
				CLANG_WARN_INFINITE_RECURSION = YES;
				CLANG_WARN_INT_CONVERSION = YES;
				CLANG_WARN_NON_LITERAL_NULL_CONVERSION = YES;
				CLANG_WARN_OBJC_IMPLICIT_RETAIN_SELF = YES;
				CLANG_WARN_OBJC_LITERAL_CONVERSION = YES;
				CLANG_WARN_OBJC_ROOT_CLASS = YES_ERROR;
				CLANG_WARN_QUOTED_INCLUDE_IN_FRAMEWORK_HEADER = YES;
				CLANG_WARN_RANGE_LOOP_ANALYSIS = YES;
				CLANG_WARN_STRICT_PROTOTYPES = YES;
				CLANG_WARN_SUSPICIOUS_MOVE = YES;
				CLANG_WARN_UNGUARDED_AVAILABILITY = YES_AGGRESSIVE;
				CLANG_WARN_UNREACHABLE_CODE = YES;
				CLANG_WARN__DUPLICATE_METHOD_MATCH = YES;
				COPY_PHASE_STRIP = NO;
				DEBUG_INFORMATION_FORMAT = "dwarf-with-dsym";
				ENABLE_NS_ASSERTIONS = NO;
				ENABLE_STRICT_OBJC_MSGSEND = YES;
				ENABLE_USER_SCRIPT_SANDBOXING = YES;
				GCC_C_LANGUAGE_STANDARD = gnu17;
				GCC_NO_COMMON_BLOCKS = YES;
				GCC_WARN_64_TO_32_BIT_CONVERSION = YES;
				GCC_WARN_ABOUT_RETURN_TYPE = YES_ERROR;
				GCC_WARN_UNDECLARED_SELECTOR = YES;
				GCC_WARN_UNINITIALIZED_AUTOS = YES_AGGRESSIVE;
				GCC_WARN_UNUSED_FUNCTION = YES;
				GCC_WARN_UNUSED_VARIABLE = YES;
				IPHONEOS_DEPLOYMENT_TARGET = 17.0;
				LOCALIZATION_PREFERS_STRING_CATALOGS = YES;
				MTL_ENABLE_DEBUG_INFO = NO;
				MTL_FAST_MATH = YES;
				SDKROOT = iphoneos;
				SWIFT_COMPILATION_MODE = wholemodule;
				VALIDATE_PRODUCT = YES;
			};
			name = Release;
		};
		FCA2D6922AD6C83B009BABEC /* Debug */ = {
			isa = XCBuildConfiguration;
			buildSettings = {
				ASSETCATALOG_COMPILER_APPICON_NAME = AppIcon;
				ASSETCATALOG_COMPILER_GLOBAL_ACCENT_COLOR_NAME = AccentColor;
				CODE_SIGN_STYLE = Automatic;
				CURRENT_PROJECT_VERSION = 1;
				DEVELOPMENT_TEAM = SFK58NDZ2F;
				GENERATE_INFOPLIST_FILE = YES;
				INFOPLIST_FILE = TablasUIKit/Info.plist;
				INFOPLIST_KEY_UIApplicationSupportsIndirectInputEvents = YES;
				INFOPLIST_KEY_UILaunchStoryboardName = LaunchScreen;
				INFOPLIST_KEY_UIMainStoryboardFile = Main;
				INFOPLIST_KEY_UISupportedInterfaceOrientations_iPad = "UIInterfaceOrientationPortrait UIInterfaceOrientationPortraitUpsideDown UIInterfaceOrientationLandscapeLeft UIInterfaceOrientationLandscapeRight";
				INFOPLIST_KEY_UISupportedInterfaceOrientations_iPhone = "UIInterfaceOrientationPortrait UIInterfaceOrientationLandscapeLeft UIInterfaceOrientationLandscapeRight";
				LD_RUNPATH_SEARCH_PATHS = (
					"$(inherited)",
					"@executable_path/Frameworks",
				);
				MARKETING_VERSION = 1.0;
				PRODUCT_BUNDLE_IDENTIFIER = com.Lucas.TablasUIKit;
				PRODUCT_NAME = "$(TARGET_NAME)";
				SWIFT_EMIT_LOC_STRINGS = YES;
				SWIFT_VERSION = 5.0;
				TARGETED_DEVICE_FAMILY = "1,2";
			};
			name = Debug;
		};
		FCA2D6932AD6C83B009BABEC /* Release */ = {
			isa = XCBuildConfiguration;
			buildSettings = {
				ASSETCATALOG_COMPILER_APPICON_NAME = AppIcon;
				ASSETCATALOG_COMPILER_GLOBAL_ACCENT_COLOR_NAME = AccentColor;
				CODE_SIGN_STYLE = Automatic;
				CURRENT_PROJECT_VERSION = 1;
				DEVELOPMENT_TEAM = SFK58NDZ2F;
				GENERATE_INFOPLIST_FILE = YES;
				INFOPLIST_FILE = TablasUIKit/Info.plist;
				INFOPLIST_KEY_UIApplicationSupportsIndirectInputEvents = YES;
				INFOPLIST_KEY_UILaunchStoryboardName = LaunchScreen;
				INFOPLIST_KEY_UIMainStoryboardFile = Main;
				INFOPLIST_KEY_UISupportedInterfaceOrientations_iPad = "UIInterfaceOrientationPortrait UIInterfaceOrientationPortraitUpsideDown UIInterfaceOrientationLandscapeLeft UIInterfaceOrientationLandscapeRight";
				INFOPLIST_KEY_UISupportedInterfaceOrientations_iPhone = "UIInterfaceOrientationPortrait UIInterfaceOrientationLandscapeLeft UIInterfaceOrientationLandscapeRight";
				LD_RUNPATH_SEARCH_PATHS = (
					"$(inherited)",
					"@executable_path/Frameworks",
				);
				MARKETING_VERSION = 1.0;
				PRODUCT_BUNDLE_IDENTIFIER = com.Lucas.TablasUIKit;
				PRODUCT_NAME = "$(TARGET_NAME)";
				SWIFT_EMIT_LOC_STRINGS = YES;
				SWIFT_VERSION = 5.0;
				TARGETED_DEVICE_FAMILY = "1,2";
			};
			name = Release;
		};
/* End XCBuildConfiguration section */

/* Begin XCConfigurationList section */
		FCA2D6782AD6C83A009BABEC /* Build configuration list for PBXProject "TablasUIKit" */ = {
			isa = XCConfigurationList;
			buildConfigurations = (
				FCA2D68F2AD6C83B009BABEC /* Debug */,
				FCA2D6902AD6C83B009BABEC /* Release */,
			);
			defaultConfigurationIsVisible = 0;
			defaultConfigurationName = Release;
		};
		FCA2D6912AD6C83B009BABEC /* Build configuration list for PBXNativeTarget "TablasUIKit" */ = {
			isa = XCConfigurationList;
			buildConfigurations = (
				FCA2D6922AD6C83B009BABEC /* Debug */,
				FCA2D6932AD6C83B009BABEC /* Release */,
			);
			defaultConfigurationIsVisible = 0;
			defaultConfigurationName = Release;
		};
/* End XCConfigurationList section */
	};
	rootObject = FCA2D6752AD6C83A009BABEC /* Project object */;
}
