// !$*UTF8*$!
{
	archiveVersion = 1;
	classes = {
	};
	objectVersion = 56;
	objects = {

/* Begin PBXBuildFile section */
		FC09DD602AD57C3A006D1781 /* ListasGridsApp.swift in Sources */ = {isa = PBXBuildFile; fileRef = FC09DD5F2AD57C3A006D1781 /* ListasGridsApp.swift */; };
		FC09DD622AD57C3A006D1781 /* ContentView.swift in Sources */ = {isa = PBXBuildFile; fileRef = FC09DD612AD57C3A006D1781 /* ContentView.swift */; };
		FC09DD642AD57C3B006D1781 /* Assets.xcassets in Resources */ = {isa = PBXBuildFile; fileRef = FC09DD632AD57C3B006D1781 /* Assets.xcassets */; };
		FC09DD672AD57C3B006D1781 /* Preview Assets.xcassets in Resources */ = {isa = PBXBuildFile; fileRef = FC09DD662AD57C3B006D1781 /* Preview Assets.xcassets */; };
		FC09DD6E2AD57D56006D1781 /* Modelo.swift in Sources */ = {isa = PBXBuildFile; fileRef = FC09DD6D2AD57D56006D1781 /* Modelo.swift */; };
		FC09DD702AD5828B006D1781 /* GridList.swift in Sources */ = {isa = PBXBuildFile; fileRef = FC09DD6F2AD5828B006D1781 /* GridList.swift */; };
		FC4FFEAE2AE15DCA00F6BDA7 /* ModeloColumnas.swift in Sources */ = {isa = PBXBuildFile; fileRef = FC4FFEAD2AE15DCA00F6BDA7 /* ModeloColumnas.swift */; };
/* End PBXBuildFile section */

/* Begin PBXFileReference section */
		FC09DD5C2AD57C3A006D1781 /* ListasGrids.app */ = {isa = PBXFileReference; explicitFileType = wrapper.application; includeInIndex = 0; path = ListasGrids.app; sourceTree = BUILT_PRODUCTS_DIR; };
		FC09DD5F2AD57C3A006D1781 /* ListasGridsApp.swift */ = {isa = PBXFileReference; lastKnownFileType = sourcecode.swift; path = ListasGridsApp.swift; sourceTree = "<group>"; };
		FC09DD612AD57C3A006D1781 /* ContentView.swift */ = {isa = PBXFileReference; lastKnownFileType = sourcecode.swift; path = ContentView.swift; sourceTree = "<group>"; };
		FC09DD632AD57C3B006D1781 /* Assets.xcassets */ = {isa = PBXFileReference; lastKnownFileType = folder.assetcatalog; path = Assets.xcassets; sourceTree = "<group>"; };
		FC09DD662AD57C3B006D1781 /* Preview Assets.xcassets */ = {isa = PBXFileReference; lastKnownFileType = folder.assetcatalog; path = "Preview Assets.xcassets"; sourceTree = "<group>"; };
		FC09DD6D2AD57D56006D1781 /* Modelo.swift */ = {isa = PBXFileReference; lastKnownFileType = sourcecode.swift; path = Modelo.swift; sourceTree = "<group>"; };
		FC09DD6F2AD5828B006D1781 /* GridList.swift */ = {isa = PBXFileReference; lastKnownFileType = sourcecode.swift; path = GridList.swift; sourceTree = "<group>"; };
		FC4FFEAD2AE15DCA00F6BDA7 /* ModeloColumnas.swift */ = {isa = PBXFileReference; lastKnownFileType = sourcecode.swift; path = ModeloColumnas.swift; sourceTree = "<group>"; };
/* End PBXFileReference section */

/* Begin PBXFrameworksBuildPhase section */
		FC09DD592AD57C3A006D1781 /* Frameworks */ = {
			isa = PBXFrameworksBuildPhase;
			buildActionMask = 2147483647;
			files = (
			);
			runOnlyForDeploymentPostprocessing = 0;
		};
/* End PBXFrameworksBuildPhase section */

/* Begin PBXGroup section */
		FC09DD532AD57C3A006D1781 = {
			isa = PBXGroup;
			children = (
				FC09DD5E2AD57C3A006D1781 /* ListasGrids */,
				FC09DD5D2AD57C3A006D1781 /* Products */,
			);
			sourceTree = "<group>";
		};
		FC09DD5D2AD57C3A006D1781 /* Products */ = {
			isa = PBXGroup;
			children = (
				FC09DD5C2AD57C3A006D1781 /* ListasGrids.app */,
			);
			name = Products;
			sourceTree = "<group>";
		};
		FC09DD5E2AD57C3A006D1781 /* ListasGrids */ = {
			isa = PBXGroup;
			children = (
				FC09DD5F2AD57C3A006D1781 /* ListasGridsApp.swift */,
				FC09DD612AD57C3A006D1781 /* ContentView.swift */,
				FC09DD632AD57C3B006D1781 /* Assets.xcassets */,
				FC09DD652AD57C3B006D1781 /* Preview Content */,
				FC09DD6D2AD57D56006D1781 /* Modelo.swift */,
				FC09DD6F2AD5828B006D1781 /* GridList.swift */,
				FC4FFEAD2AE15DCA00F6BDA7 /* ModeloColumnas.swift */,
			);
			path = ListasGrids;
			sourceTree = "<group>";
		};
		FC09DD652AD57C3B006D1781 /* Preview Content */ = {
			isa = PBXGroup;
			children = (
				FC09DD662AD57C3B006D1781 /* Preview Assets.xcassets */,
			);
			path = "Preview Content";
			sourceTree = "<group>";
		};
/* End PBXGroup section */

/* Begin PBXNativeTarget section */
		FC09DD5B2AD57C3A006D1781 /* ListasGrids */ = {
			isa = PBXNativeTarget;
			buildConfigurationList = FC09DD6A2AD57C3B006D1781 /* Build configuration list for PBXNativeTarget "ListasGrids" */;
			buildPhases = (
				FC09DD582AD57C3A006D1781 /* Sources */,
				FC09DD592AD57C3A006D1781 /* Frameworks */,
				FC09DD5A2AD57C3A006D1781 /* Resources */,
			);
			buildRules = (
			);
			dependencies = (
			);
			name = ListasGrids;
			productName = ListasGrids;
			productReference = FC09DD5C2AD57C3A006D1781 /* ListasGrids.app */;
			productType = "com.apple.product-type.application";
		};
/* End PBXNativeTarget section */

/* Begin PBXProject section */
		FC09DD542AD57C3A006D1781 /* Project object */ = {
			isa = PBXProject;
			attributes = {
				BuildIndependentTargetsInParallel = 1;
				LastSwiftUpdateCheck = 1500;
				LastUpgradeCheck = 1500;
				TargetAttributes = {
					FC09DD5B2AD57C3A006D1781 = {
						CreatedOnToolsVersion = 15.0;
					};
				};
			};
			buildConfigurationList = FC09DD572AD57C3A006D1781 /* Build configuration list for PBXProject "ListasGrids" */;
			compatibilityVersion = "Xcode 14.0";
			developmentRegion = en;
			hasScannedForEncodings = 0;
			knownRegions = (
				en,
				Base,
			);
			mainGroup = FC09DD532AD57C3A006D1781;
			productRefGroup = FC09DD5D2AD57C3A006D1781 /* Products */;
			projectDirPath = "";
			projectRoot = "";
			targets = (
				FC09DD5B2AD57C3A006D1781 /* ListasGrids */,
			);
		};
/* End PBXProject section */

/* Begin PBXResourcesBuildPhase section */
		FC09DD5A2AD57C3A006D1781 /* Resources */ = {
			isa = PBXResourcesBuildPhase;
			buildActionMask = 2147483647;
			files = (
				FC09DD672AD57C3B006D1781 /* Preview Assets.xcassets in Resources */,
				FC09DD642AD57C3B006D1781 /* Assets.xcassets in Resources */,
			);
			runOnlyForDeploymentPostprocessing = 0;
		};
/* End PBXResourcesBuildPhase section */

/* Begin PBXSourcesBuildPhase section */
		FC09DD582AD57C3A006D1781 /* Sources */ = {
			isa = PBXSourcesBuildPhase;
			buildActionMask = 2147483647;
			files = (
				FC4FFEAE2AE15DCA00F6BDA7 /* ModeloColumnas.swift in Sources */,
				FC09DD6E2AD57D56006D1781 /* Modelo.swift in Sources */,
				FC09DD622AD57C3A006D1781 /* ContentView.swift in Sources */,
				FC09DD602AD57C3A006D1781 /* ListasGridsApp.swift in Sources */,
				FC09DD702AD5828B006D1781 /* GridList.swift in Sources */,
			);
			runOnlyForDeploymentPostprocessing = 0;
		};
/* End PBXSourcesBuildPhase section */

/* Begin XCBuildConfiguration section */
		FC09DD682AD57C3B006D1781 /* Debug */ = {
			isa = XCBuildConfiguration;
			buildSettings = {
				ALWAYS_SEARCH_USER_PATHS = NO;
				ASSETCATALOG_COMPILER_GENERATE_SWIFT_ASSET_SYMBOL_EXTENSIONS = YES;
				CLANG_ANALYZER_NONNULL = YES;
				CLANG_ANALYZER_NUMBER_OBJECT_CONVERSION = YES_AGGRESSIVE;
				CLANG_CXX_LANGUAGE_STANDARD = "gnu++20";
				CLANG_ENABLE_MODULES = YES;
				CLANG_ENABLE_OBJC_ARC = YES;
				CLANG_ENABLE_OBJC_WEAK = YES;
				CLANG_WARN_BLOCK_CAPTURE_AUTORELEASING = YES;
				CLANG_WARN_BOOL_CONVERSION = YES;
				CLANG_WARN_COMMA = YES;
				CLANG_WARN_CONSTANT_CONVERSION = YES;
				CLANG_WARN_DEPRECATED_OBJC_IMPLEMENTATIONS = YES;
				CLANG_WARN_DIRECT_OBJC_ISA_USAGE = YES_ERROR;
				CLANG_WARN_DOCUMENTATION_COMMENTS = YES;
				CLANG_WARN_EMPTY_BODY = YES;
				CLANG_WARN_ENUM_CONVERSION = YES;
				CLANG_WARN_INFINITE_RECURSION = YES;
				CLANG_WARN_INT_CONVERSION = YES;
				CLANG_WARN_NON_LITERAL_NULL_CONVERSION = YES;
				CLANG_WARN_OBJC_IMPLICIT_RETAIN_SELF = YES;
				CLANG_WARN_OBJC_LITERAL_CONVERSION = YES;
				CLANG_WARN_OBJC_ROOT_CLASS = YES_ERROR;
				CLANG_WARN_QUOTED_INCLUDE_IN_FRAMEWORK_HEADER = YES;
				CLANG_WARN_RANGE_LOOP_ANALYSIS = YES;
				CLANG_WARN_STRICT_PROTOTYPES = YES;
				CLANG_WARN_SUSPICIOUS_MOVE = YES;
				CLANG_WARN_UNGUARDED_AVAILABILITY = YES_AGGRESSIVE;
				CLANG_WARN_UNREACHABLE_CODE = YES;
				CLANG_WARN__DUPLICATE_METHOD_MATCH = YES;
				COPY_PHASE_STRIP = NO;
				DEBUG_INFORMATION_FORMAT = dwarf;
				ENABLE_STRICT_OBJC_MSGSEND = YES;
				ENABLE_TESTABILITY = YES;
				ENABLE_USER_SCRIPT_SANDBOXING = YES;
				GCC_C_LANGUAGE_STANDARD = gnu17;
				GCC_DYNAMIC_NO_PIC = NO;
				GCC_NO_COMMON_BLOCKS = YES;
				GCC_OPTIMIZATION_LEVEL = 0;
				GCC_PREPROCESSOR_DEFINITIONS = (
					"DEBUG=1",
					"$(inherited)",
				);
				GCC_WARN_64_TO_32_BIT_CONVERSION = YES;
				GCC_WARN_ABOUT_RETURN_TYPE = YES_ERROR;
				GCC_WARN_UNDECLARED_SELECTOR = YES;
				GCC_WARN_UNINITIALIZED_AUTOS = YES_AGGRESSIVE;
				GCC_WARN_UNUSED_FUNCTION = YES;
				GCC_WARN_UNUSED_VARIABLE = YES;
				IPHONEOS_DEPLOYMENT_TARGET = 17.0;
				LOCALIZATION_PREFERS_STRING_CATALOGS = YES;
				MTL_ENABLE_DEBUG_INFO = INCLUDE_SOURCE;
				MTL_FAST_MATH = YES;
				ONLY_ACTIVE_ARCH = YES;
				SDKROOT = iphoneos;
				SWIFT_ACTIVE_COMPILATION_CONDITIONS = "DEBUG $(inherited)";
				SWIFT_OPTIMIZATION_LEVEL = "-Onone";
			};
			name = Debug;
		};
		FC09DD692AD57C3B006D1781 /* Release */ = {
			isa = XCBuildConfiguration;
			buildSettings = {
				ALWAYS_SEARCH_USER_PATHS = NO;
				ASSETCATALOG_COMPILER_GENERATE_SWIFT_ASSET_SYMBOL_EXTENSIONS = YES;
				CLANG_ANALYZER_NONNULL = YES;
				CLANG_ANALYZER_NUMBER_OBJECT_CONVERSION = YES_AGGRESSIVE;
				CLANG_CXX_LANGUAGE_STANDARD = "gnu++20";
				CLANG_ENABLE_MODULES = YES;
				CLANG_ENABLE_OBJC_ARC = YES;
				CLANG_ENABLE_OBJC_WEAK = YES;
				CLANG_WARN_BLOCK_CAPTURE_AUTORELEASING = YES;
				CLANG_WARN_BOOL_CONVERSION = YES;
				CLANG_WARN_COMMA = YES;
				CLANG_WARN_CONSTANT_CONVERSION = YES;
				CLANG_WARN_DEPRECATED_OBJC_IMPLEMENTATIONS = YES;
				CLANG_WARN_DIRECT_OBJC_ISA_USAGE = YES_ERROR;
				CLANG_WARN_DOCUMENTATION_COMMENTS = YES;
				CLANG_WARN_EMPTY_BODY = YES;
				CLANG_WARN_ENUM_CONVERSION = YES;
				CLANG_WARN_INFINITE_RECURSION = YES;
				CLANG_WARN_INT_CONVERSION = YES;
				CLANG_WARN_NON_LITERAL_NULL_CONVERSION = YES;
				CLANG_WARN_OBJC_IMPLICIT_RETAIN_SELF = YES;
				CLANG_WARN_OBJC_LITERAL_CONVERSION = YES;
				CLANG_WARN_OBJC_ROOT_CLASS = YES_ERROR;
				CLANG_WARN_QUOTED_INCLUDE_IN_FRAMEWORK_HEADER = YES;
				CLANG_WARN_RANGE_LOOP_ANALYSIS = YES;
				CLANG_WARN_STRICT_PROTOTYPES = YES;
				CLANG_WARN_SUSPICIOUS_MOVE = YES;
				CLANG_WARN_UNGUARDED_AVAILABILITY = YES_AGGRESSIVE;
				CLANG_WARN_UNREACHABLE_CODE = YES;
				CLANG_WARN__DUPLICATE_METHOD_MATCH = YES;
				COPY_PHASE_STRIP = NO;
				DEBUG_INFORMATION_FORMAT = "dwarf-with-dsym";
				ENABLE_NS_ASSERTIONS = NO;
				ENABLE_STRICT_OBJC_MSGSEND = YES;
				ENABLE_USER_SCRIPT_SANDBOXING = YES;
				GCC_C_LANGUAGE_STANDARD = gnu17;
				GCC_NO_COMMON_BLOCKS = YES;
				GCC_WARN_64_TO_32_BIT_CONVERSION = YES;
				GCC_WARN_ABOUT_RETURN_TYPE = YES_ERROR;
				GCC_WARN_UNDECLARED_SELECTOR = YES;
				GCC_WARN_UNINITIALIZED_AUTOS = YES_AGGRESSIVE;
				GCC_WARN_UNUSED_FUNCTION = YES;
				GCC_WARN_UNUSED_VARIABLE = YES;
				IPHONEOS_DEPLOYMENT_TARGET = 17.0;
				LOCALIZATION_PREFERS_STRING_CATALOGS = YES;
				MTL_ENABLE_DEBUG_INFO = NO;
				MTL_FAST_MATH = YES;
				SDKROOT = iphoneos;
				SWIFT_COMPILATION_MODE = wholemodule;
				VALIDATE_PRODUCT = YES;
			};
			name = Release;
		};
		FC09DD6B2AD57C3B006D1781 /* Debug */ = {
			isa = XCBuildConfiguration;
			buildSettings = {
				ASSETCATALOG_COMPILER_APPICON_NAME = AppIcon;
				ASSETCATALOG_COMPILER_GLOBAL_ACCENT_COLOR_NAME = AccentColor;
				CODE_SIGN_STYLE = Automatic;
				CURRENT_PROJECT_VERSION = 1;
				DEVELOPMENT_ASSET_PATHS = "\"ListasGrids/Preview Content\"";
				DEVELOPMENT_TEAM = SFK58NDZ2F;
				ENABLE_PREVIEWS = YES;
				GENERATE_INFOPLIST_FILE = YES;
				INFOPLIST_KEY_UIApplicationSceneManifest_Generation = YES;
				INFOPLIST_KEY_UIApplicationSupportsIndirectInputEvents = YES;
				INFOPLIST_KEY_UILaunchScreen_Generation = YES;
				INFOPLIST_KEY_UISupportedInterfaceOrientations_iPad = "UIInterfaceOrientationPortrait UIInterfaceOrientationPortraitUpsideDown UIInterfaceOrientationLandscapeLeft UIInterfaceOrientationLandscapeRight";
				INFOPLIST_KEY_UISupportedInterfaceOrientations_iPhone = "UIInterfaceOrientationPortrait UIInterfaceOrientationLandscapeLeft UIInterfaceOrientationLandscapeRight";
				LD_RUNPATH_SEARCH_PATHS = (
					"$(inherited)",
					"@executable_path/Frameworks",
				);
				MARKETING_VERSION = 1.0;
				PRODUCT_BUNDLE_IDENTIFIER = com.Lucas.ListasGrids;
				PRODUCT_NAME = "$(TARGET_NAME)";
				SWIFT_EMIT_LOC_STRINGS = YES;
				SWIFT_VERSION = 5.0;
				TARGETED_DEVICE_FAMILY = "1,2";
			};
			name = Debug;
		};
		FC09DD6C2AD57C3B006D1781 /* Release */ = {
			isa = XCBuildConfiguration;
			buildSettings = {
				ASSETCATALOG_COMPILER_APPICON_NAME = AppIcon;
				ASSETCATALOG_COMPILER_GLOBAL_ACCENT_COLOR_NAME = AccentColor;
				CODE_SIGN_STYLE = Automatic;
				CURRENT_PROJECT_VERSION = 1;
				DEVELOPMENT_ASSET_PATHS = "\"ListasGrids/Preview Content\"";
				DEVELOPMENT_TEAM = SFK58NDZ2F;
				ENABLE_PREVIEWS = YES;
				GENERATE_INFOPLIST_FILE = YES;
				INFOPLIST_KEY_UIApplicationSceneManifest_Generation = YES;
				INFOPLIST_KEY_UIApplicationSupportsIndirectInputEvents = YES;
				INFOPLIST_KEY_UILaunchScreen_Generation = YES;
				INFOPLIST_KEY_UISupportedInterfaceOrientations_iPad = "UIInterfaceOrientationPortrait UIInterfaceOrientationPortraitUpsideDown UIInterfaceOrientationLandscapeLeft UIInterfaceOrientationLandscapeRight";
				INFOPLIST_KEY_UISupportedInterfaceOrientations_iPhone = "UIInterfaceOrientationPortrait UIInterfaceOrientationLandscapeLeft UIInterfaceOrientationLandscapeRight";
				LD_RUNPATH_SEARCH_PATHS = (
					"$(inherited)",
					"@executable_path/Frameworks",
				);
				MARKETING_VERSION = 1.0;
				PRODUCT_BUNDLE_IDENTIFIER = com.Lucas.ListasGrids;
				PRODUCT_NAME = "$(TARGET_NAME)";
				SWIFT_EMIT_LOC_STRINGS = YES;
				SWIFT_VERSION = 5.0;
				TARGETED_DEVICE_FAMILY = "1,2";
			};
			name = Release;
		};
/* End XCBuildConfiguration section */

/* Begin XCConfigurationList section */
		FC09DD572AD57C3A006D1781 /* Build configuration list for PBXProject "ListasGrids" */ = {
			isa = XCConfigurationList;
			buildConfigurations = (
				FC09DD682AD57C3B006D1781 /* Debug */,
				FC09DD692AD57C3B006D1781 /* Release */,
			);
			defaultConfigurationIsVisible = 0;
			defaultConfigurationName = Release;
		};
		FC09DD6A2AD57C3B006D1781 /* Build configuration list for PBXNativeTarget "ListasGrids" */ = {
			isa = XCConfigurationList;
			buildConfigurations = (
				FC09DD6B2AD57C3B006D1781 /* Debug */,
				FC09DD6C2AD57C3B006D1781 /* Release */,
			);
			defaultConfigurationIsVisible = 0;
			defaultConfigurationName = Release;
		};
/* End XCConfigurationList section */
	};
	rootObject = FC09DD542AD57C3A006D1781 /* Project object */;
}
