// !$*UTF8*$!
{
	archiveVersion = 1;
	classes = {
	};
	objectVersion = 56;
	objects = {

/* Begin PBXBuildFile section */
		FC64D4A12ACD947D00F825AA /* NavegacionSwiftUIApp.swift in Sources */ = {isa = PBXBuildFile; fileRef = FC64D4A02ACD947D00F825AA /* NavegacionSwiftUIApp.swift */; };
		FC64D4A32ACD947D00F825AA /* ContentView.swift in Sources */ = {isa = PBXBuildFile; fileRef = FC64D4A22ACD947D00F825AA /* ContentView.swift */; };
		FC64D4A52ACD947E00F825AA /* Assets.xcassets in Resources */ = {isa = PBXBuildFile; fileRef = FC64D4A42ACD947E00F825AA /* Assets.xcassets */; };
		FC64D4A82ACD947E00F825AA /* Preview Assets.xcassets in Resources */ = {isa = PBXBuildFile; fileRef = FC64D4A72ACD947E00F825AA /* Preview Assets.xcassets */; };
		FC64D4AF2ACD94FD00F825AA /* VentanaModal.swift in Sources */ = {isa = PBXBuildFile; fileRef = FC64D4AE2ACD94FD00F825AA /* VentanaModal.swift */; };
		FC64D4B12ACD982B00F825AA /* SegundaVista.swift in Sources */ = {isa = PBXBuildFile; fileRef = FC64D4B02ACD982B00F825AA /* SegundaVista.swift */; };
		FC64D4B32ACD991900F825AA /* TercerVista.swift in Sources */ = {isa = PBXBuildFile; fileRef = FC64D4B22ACD991900F825AA /* TercerVista.swift */; };
		FCBB3F722AD4267F00146EFE /* TabViewMain.swift in Sources */ = {isa = PBXBuildFile; fileRef = FCBB3F712AD4267F00146EFE /* TabViewMain.swift */; };
		FCBB3F742AD4269500146EFE /* Vista2.swift in Sources */ = {isa = PBXBuildFile; fileRef = FCBB3F732AD4269500146EFE /* Vista2.swift */; };
/* End PBXBuildFile section */

/* Begin PBXFileReference section */
		FC64D49D2ACD947D00F825AA /* NavegacionSwiftUI.app */ = {isa = PBXFileReference; explicitFileType = wrapper.application; includeInIndex = 0; path = NavegacionSwiftUI.app; sourceTree = BUILT_PRODUCTS_DIR; };
		FC64D4A02ACD947D00F825AA /* NavegacionSwiftUIApp.swift */ = {isa = PBXFileReference; lastKnownFileType = sourcecode.swift; path = NavegacionSwiftUIApp.swift; sourceTree = "<group>"; };
		FC64D4A22ACD947D00F825AA /* ContentView.swift */ = {isa = PBXFileReference; lastKnownFileType = sourcecode.swift; path = ContentView.swift; sourceTree = "<group>"; };
		FC64D4A42ACD947E00F825AA /* Assets.xcassets */ = {isa = PBXFileReference; lastKnownFileType = folder.assetcatalog; path = Assets.xcassets; sourceTree = "<group>"; };
		FC64D4A72ACD947E00F825AA /* Preview Assets.xcassets */ = {isa = PBXFileReference; lastKnownFileType = folder.assetcatalog; path = "Preview Assets.xcassets"; sourceTree = "<group>"; };
		FC64D4AE2ACD94FD00F825AA /* VentanaModal.swift */ = {isa = PBXFileReference; lastKnownFileType = sourcecode.swift; path = VentanaModal.swift; sourceTree = "<group>"; };
		FC64D4B02ACD982B00F825AA /* SegundaVista.swift */ = {isa = PBXFileReference; lastKnownFileType = sourcecode.swift; path = SegundaVista.swift; sourceTree = "<group>"; };
		FC64D4B22ACD991900F825AA /* TercerVista.swift */ = {isa = PBXFileReference; lastKnownFileType = sourcecode.swift; path = TercerVista.swift; sourceTree = "<group>"; };
		FCBB3F712AD4267F00146EFE /* TabViewMain.swift */ = {isa = PBXFileReference; lastKnownFileType = sourcecode.swift; path = TabViewMain.swift; sourceTree = "<group>"; };
		FCBB3F732AD4269500146EFE /* Vista2.swift */ = {isa = PBXFileReference; lastKnownFileType = sourcecode.swift; path = Vista2.swift; sourceTree = "<group>"; };
/* End PBXFileReference section */

/* Begin PBXFrameworksBuildPhase section */
		FC64D49A2ACD947D00F825AA /* Frameworks */ = {
			isa = PBXFrameworksBuildPhase;
			buildActionMask = 2147483647;
			files = (
			);
			runOnlyForDeploymentPostprocessing = 0;
		};
/* End PBXFrameworksBuildPhase section */

/* Begin PBXGroup section */
		FC64D4942ACD947D00F825AA = {
			isa = PBXGroup;
			children = (
				FC64D49F2ACD947D00F825AA /* NavegacionSwiftUI */,
				FC64D49E2ACD947D00F825AA /* Products */,
			);
			sourceTree = "<group>";
		};
		FC64D49E2ACD947D00F825AA /* Products */ = {
			isa = PBXGroup;
			children = (
				FC64D49D2ACD947D00F825AA /* NavegacionSwiftUI.app */,
			);
			name = Products;
			sourceTree = "<group>";
		};
		FC64D49F2ACD947D00F825AA /* NavegacionSwiftUI */ = {
			isa = PBXGroup;
			children = (
				FC64D4A02ACD947D00F825AA /* NavegacionSwiftUIApp.swift */,
				FC64D4A22ACD947D00F825AA /* ContentView.swift */,
				FC64D4A42ACD947E00F825AA /* Assets.xcassets */,
				FC64D4A62ACD947E00F825AA /* Preview Content */,
				FC64D4AE2ACD94FD00F825AA /* VentanaModal.swift */,
				FC64D4B02ACD982B00F825AA /* SegundaVista.swift */,
				FC64D4B22ACD991900F825AA /* TercerVista.swift */,
				FCBB3F712AD4267F00146EFE /* TabViewMain.swift */,
				FCBB3F732AD4269500146EFE /* Vista2.swift */,
			);
			path = NavegacionSwiftUI;
			sourceTree = "<group>";
		};
		FC64D4A62ACD947E00F825AA /* Preview Content */ = {
			isa = PBXGroup;
			children = (
				FC64D4A72ACD947E00F825AA /* Preview Assets.xcassets */,
			);
			path = "Preview Content";
			sourceTree = "<group>";
		};
/* End PBXGroup section */

/* Begin PBXNativeTarget section */
		FC64D49C2ACD947D00F825AA /* NavegacionSwiftUI */ = {
			isa = PBXNativeTarget;
			buildConfigurationList = FC64D4AB2ACD947E00F825AA /* Build configuration list for PBXNativeTarget "NavegacionSwiftUI" */;
			buildPhases = (
				FC64D4992ACD947D00F825AA /* Sources */,
				FC64D49A2ACD947D00F825AA /* Frameworks */,
				FC64D49B2ACD947D00F825AA /* Resources */,
			);
			buildRules = (
			);
			dependencies = (
			);
			name = NavegacionSwiftUI;
			productName = NavegacionSwiftUI;
			productReference = FC64D49D2ACD947D00F825AA /* NavegacionSwiftUI.app */;
			productType = "com.apple.product-type.application";
		};
/* End PBXNativeTarget section */

/* Begin PBXProject section */
		FC64D4952ACD947D00F825AA /* Project object */ = {
			isa = PBXProject;
			attributes = {
				BuildIndependentTargetsInParallel = 1;
				LastSwiftUpdateCheck = 1500;
				LastUpgradeCheck = 1500;
				TargetAttributes = {
					FC64D49C2ACD947D00F825AA = {
						CreatedOnToolsVersion = 15.0;
					};
				};
			};
			buildConfigurationList = FC64D4982ACD947D00F825AA /* Build configuration list for PBXProject "NavegacionSwiftUI" */;
			compatibilityVersion = "Xcode 14.0";
			developmentRegion = en;
			hasScannedForEncodings = 0;
			knownRegions = (
				en,
				Base,
			);
			mainGroup = FC64D4942ACD947D00F825AA;
			productRefGroup = FC64D49E2ACD947D00F825AA /* Products */;
			projectDirPath = "";
			projectRoot = "";
			targets = (
				FC64D49C2ACD947D00F825AA /* NavegacionSwiftUI */,
			);
		};
/* End PBXProject section */

/* Begin PBXResourcesBuildPhase section */
		FC64D49B2ACD947D00F825AA /* Resources */ = {
			isa = PBXResourcesBuildPhase;
			buildActionMask = 2147483647;
			files = (
				FC64D4A82ACD947E00F825AA /* Preview Assets.xcassets in Resources */,
				FC64D4A52ACD947E00F825AA /* Assets.xcassets in Resources */,
			);
			runOnlyForDeploymentPostprocessing = 0;
		};
/* End PBXResourcesBuildPhase section */

/* Begin PBXSourcesBuildPhase section */
		FC64D4992ACD947D00F825AA /* Sources */ = {
			isa = PBXSourcesBuildPhase;
			buildActionMask = 2147483647;
			files = (
				FC64D4A32ACD947D00F825AA /* ContentView.swift in Sources */,
				FC64D4AF2ACD94FD00F825AA /* VentanaModal.swift in Sources */,
				FC64D4A12ACD947D00F825AA /* NavegacionSwiftUIApp.swift in Sources */,
				FC64D4B12ACD982B00F825AA /* SegundaVista.swift in Sources */,
				FC64D4B32ACD991900F825AA /* TercerVista.swift in Sources */,
				FCBB3F722AD4267F00146EFE /* TabViewMain.swift in Sources */,
				FCBB3F742AD4269500146EFE /* Vista2.swift in Sources */,
			);
			runOnlyForDeploymentPostprocessing = 0;
		};
/* End PBXSourcesBuildPhase section */

/* Begin XCBuildConfiguration section */
		FC64D4A92ACD947E00F825AA /* Debug */ = {
			isa = XCBuildConfiguration;
			buildSettings = {
				ALWAYS_SEARCH_USER_PATHS = NO;
				ASSETCATALOG_COMPILER_GENERATE_SWIFT_ASSET_SYMBOL_EXTENSIONS = YES;
				CLANG_ANALYZER_NONNULL = YES;
				CLANG_ANALYZER_NUMBER_OBJECT_CONVERSION = YES_AGGRESSIVE;
				CLANG_CXX_LANGUAGE_STANDARD = "gnu++20";
				CLANG_ENABLE_MODULES = YES;
				CLANG_ENABLE_OBJC_ARC = YES;
				CLANG_ENABLE_OBJC_WEAK = YES;
				CLANG_WARN_BLOCK_CAPTURE_AUTORELEASING = YES;
				CLANG_WARN_BOOL_CONVERSION = YES;
				CLANG_WARN_COMMA = YES;
				CLANG_WARN_CONSTANT_CONVERSION = YES;
				CLANG_WARN_DEPRECATED_OBJC_IMPLEMENTATIONS = YES;
				CLANG_WARN_DIRECT_OBJC_ISA_USAGE = YES_ERROR;
				CLANG_WARN_DOCUMENTATION_COMMENTS = YES;
				CLANG_WARN_EMPTY_BODY = YES;
				CLANG_WARN_ENUM_CONVERSION = YES;
				CLANG_WARN_INFINITE_RECURSION = YES;
				CLANG_WARN_INT_CONVERSION = YES;
				CLANG_WARN_NON_LITERAL_NULL_CONVERSION = YES;
				CLANG_WARN_OBJC_IMPLICIT_RETAIN_SELF = YES;
				CLANG_WARN_OBJC_LITERAL_CONVERSION = YES;
				CLANG_WARN_OBJC_ROOT_CLASS = YES_ERROR;
				CLANG_WARN_QUOTED_INCLUDE_IN_FRAMEWORK_HEADER = YES;
				CLANG_WARN_RANGE_LOOP_ANALYSIS = YES;
				CLANG_WARN_STRICT_PROTOTYPES = YES;
				CLANG_WARN_SUSPICIOUS_MOVE = YES;
				CLANG_WARN_UNGUARDED_AVAILABILITY = YES_AGGRESSIVE;
				CLANG_WARN_UNREACHABLE_CODE = YES;
				CLANG_WARN__DUPLICATE_METHOD_MATCH = YES;
				COPY_PHASE_STRIP = NO;
				DEBUG_INFORMATION_FORMAT = dwarf;
				ENABLE_STRICT_OBJC_MSGSEND = YES;
				ENABLE_TESTABILITY = YES;
				ENABLE_USER_SCRIPT_SANDBOXING = YES;
				GCC_C_LANGUAGE_STANDARD = gnu17;
				GCC_DYNAMIC_NO_PIC = NO;
				GCC_NO_COMMON_BLOCKS = YES;
				GCC_OPTIMIZATION_LEVEL = 0;
				GCC_PREPROCESSOR_DEFINITIONS = (
					"DEBUG=1",
					"$(inherited)",
				);
				GCC_WARN_64_TO_32_BIT_CONVERSION = YES;
				GCC_WARN_ABOUT_RETURN_TYPE = YES_ERROR;
				GCC_WARN_UNDECLARED_SELECTOR = YES;
				GCC_WARN_UNINITIALIZED_AUTOS = YES_AGGRESSIVE;
				GCC_WARN_UNUSED_FUNCTION = YES;
				GCC_WARN_UNUSED_VARIABLE = YES;
				IPHONEOS_DEPLOYMENT_TARGET = 17.0;
				LOCALIZATION_PREFERS_STRING_CATALOGS = YES;
				MTL_ENABLE_DEBUG_INFO = INCLUDE_SOURCE;
				MTL_FAST_MATH = YES;
				ONLY_ACTIVE_ARCH = YES;
				SDKROOT = iphoneos;
				SWIFT_ACTIVE_COMPILATION_CONDITIONS = "DEBUG $(inherited)";
				SWIFT_OPTIMIZATION_LEVEL = "-Onone";
			};
			name = Debug;
		};
		FC64D4AA2ACD947E00F825AA /* Release */ = {
			isa = XCBuildConfiguration;
			buildSettings = {
				ALWAYS_SEARCH_USER_PATHS = NO;
				ASSETCATALOG_COMPILER_GENERATE_SWIFT_ASSET_SYMBOL_EXTENSIONS = YES;
				CLANG_ANALYZER_NONNULL = YES;
				CLANG_ANALYZER_NUMBER_OBJECT_CONVERSION = YES_AGGRESSIVE;
				CLANG_CXX_LANGUAGE_STANDARD = "gnu++20";
				CLANG_ENABLE_MODULES = YES;
				CLANG_ENABLE_OBJC_ARC = YES;
				CLANG_ENABLE_OBJC_WEAK = YES;
				CLANG_WARN_BLOCK_CAPTURE_AUTORELEASING = YES;
				CLANG_WARN_BOOL_CONVERSION = YES;
				CLANG_WARN_COMMA = YES;
				CLANG_WARN_CONSTANT_CONVERSION = YES;
				CLANG_WARN_DEPRECATED_OBJC_IMPLEMENTATIONS = YES;
				CLANG_WARN_DIRECT_OBJC_ISA_USAGE = YES_ERROR;
				CLANG_WARN_DOCUMENTATION_COMMENTS = YES;
				CLANG_WARN_EMPTY_BODY = YES;
				CLANG_WARN_ENUM_CONVERSION = YES;
				CLANG_WARN_INFINITE_RECURSION = YES;
				CLANG_WARN_INT_CONVERSION = YES;
				CLANG_WARN_NON_LITERAL_NULL_CONVERSION = YES;
				CLANG_WARN_OBJC_IMPLICIT_RETAIN_SELF = YES;
				CLANG_WARN_OBJC_LITERAL_CONVERSION = YES;
				CLANG_WARN_OBJC_ROOT_CLASS = YES_ERROR;
				CLANG_WARN_QUOTED_INCLUDE_IN_FRAMEWORK_HEADER = YES;
				CLANG_WARN_RANGE_LOOP_ANALYSIS = YES;
				CLANG_WARN_STRICT_PROTOTYPES = YES;
				CLANG_WARN_SUSPICIOUS_MOVE = YES;
				CLANG_WARN_UNGUARDED_AVAILABILITY = YES_AGGRESSIVE;
				CLANG_WARN_UNREACHABLE_CODE = YES;
				CLANG_WARN__DUPLICATE_METHOD_MATCH = YES;
				COPY_PHASE_STRIP = NO;
				DEBUG_INFORMATION_FORMAT = "dwarf-with-dsym";
				ENABLE_NS_ASSERTIONS = NO;
				ENABLE_STRICT_OBJC_MSGSEND = YES;
				ENABLE_USER_SCRIPT_SANDBOXING = YES;
				GCC_C_LANGUAGE_STANDARD = gnu17;
				GCC_NO_COMMON_BLOCKS = YES;
				GCC_WARN_64_TO_32_BIT_CONVERSION = YES;
				GCC_WARN_ABOUT_RETURN_TYPE = YES_ERROR;
				GCC_WARN_UNDECLARED_SELECTOR = YES;
				GCC_WARN_UNINITIALIZED_AUTOS = YES_AGGRESSIVE;
				GCC_WARN_UNUSED_FUNCTION = YES;
				GCC_WARN_UNUSED_VARIABLE = YES;
				IPHONEOS_DEPLOYMENT_TARGET = 17.0;
				LOCALIZATION_PREFERS_STRING_CATALOGS = YES;
				MTL_ENABLE_DEBUG_INFO = NO;
				MTL_FAST_MATH = YES;
				SDKROOT = iphoneos;
				SWIFT_COMPILATION_MODE = wholemodule;
				VALIDATE_PRODUCT = YES;
			};
			name = Release;
		};
		FC64D4AC2ACD947E00F825AA /* Debug */ = {
			isa = XCBuildConfiguration;
			buildSettings = {
				ASSETCATALOG_COMPILER_APPICON_NAME = AppIcon;
				ASSETCATALOG_COMPILER_GLOBAL_ACCENT_COLOR_NAME = AccentColor;
				CODE_SIGN_STYLE = Automatic;
				CURRENT_PROJECT_VERSION = 1;
				DEVELOPMENT_ASSET_PATHS = "\"NavegacionSwiftUI/Preview Content\"";
				DEVELOPMENT_TEAM = SFK58NDZ2F;
				ENABLE_PREVIEWS = YES;
				GENERATE_INFOPLIST_FILE = YES;
				INFOPLIST_KEY_UIApplicationSceneManifest_Generation = YES;
				INFOPLIST_KEY_UIApplicationSupportsIndirectInputEvents = YES;
				INFOPLIST_KEY_UILaunchScreen_Generation = YES;
				INFOPLIST_KEY_UISupportedInterfaceOrientations_iPad = "UIInterfaceOrientationPortrait UIInterfaceOrientationPortraitUpsideDown UIInterfaceOrientationLandscapeLeft UIInterfaceOrientationLandscapeRight";
				INFOPLIST_KEY_UISupportedInterfaceOrientations_iPhone = "UIInterfaceOrientationPortrait UIInterfaceOrientationLandscapeLeft UIInterfaceOrientationLandscapeRight";
				LD_RUNPATH_SEARCH_PATHS = (
					"$(inherited)",
					"@executable_path/Frameworks",
				);
				MARKETING_VERSION = 1.0;
				PRODUCT_BUNDLE_IDENTIFIER = com.Lucas.NavegacionSwiftUI;
				PRODUCT_NAME = "$(TARGET_NAME)";
				SWIFT_EMIT_LOC_STRINGS = YES;
				SWIFT_VERSION = 5.0;
				TARGETED_DEVICE_FAMILY = "1,2";
			};
			name = Debug;
		};
		FC64D4AD2ACD947E00F825AA /* Release */ = {
			isa = XCBuildConfiguration;
			buildSettings = {
				ASSETCATALOG_COMPILER_APPICON_NAME = AppIcon;
				ASSETCATALOG_COMPILER_GLOBAL_ACCENT_COLOR_NAME = AccentColor;
				CODE_SIGN_STYLE = Automatic;
				CURRENT_PROJECT_VERSION = 1;
				DEVELOPMENT_ASSET_PATHS = "\"NavegacionSwiftUI/Preview Content\"";
				DEVELOPMENT_TEAM = SFK58NDZ2F;
				ENABLE_PREVIEWS = YES;
				GENERATE_INFOPLIST_FILE = YES;
				INFOPLIST_KEY_UIApplicationSceneManifest_Generation = YES;
				INFOPLIST_KEY_UIApplicationSupportsIndirectInputEvents = YES;
				INFOPLIST_KEY_UILaunchScreen_Generation = YES;
				INFOPLIST_KEY_UISupportedInterfaceOrientations_iPad = "UIInterfaceOrientationPortrait UIInterfaceOrientationPortraitUpsideDown UIInterfaceOrientationLandscapeLeft UIInterfaceOrientationLandscapeRight";
				INFOPLIST_KEY_UISupportedInterfaceOrientations_iPhone = "UIInterfaceOrientationPortrait UIInterfaceOrientationLandscapeLeft UIInterfaceOrientationLandscapeRight";
				LD_RUNPATH_SEARCH_PATHS = (
					"$(inherited)",
					"@executable_path/Frameworks",
				);
				MARKETING_VERSION = 1.0;
				PRODUCT_BUNDLE_IDENTIFIER = com.Lucas.NavegacionSwiftUI;
				PRODUCT_NAME = "$(TARGET_NAME)";
				SWIFT_EMIT_LOC_STRINGS = YES;
				SWIFT_VERSION = 5.0;
				TARGETED_DEVICE_FAMILY = "1,2";
			};
			name = Release;
		};
/* End XCBuildConfiguration section */

/* Begin XCConfigurationList section */
		FC64D4982ACD947D00F825AA /* Build configuration list for PBXProject "NavegacionSwiftUI" */ = {
			isa = XCConfigurationList;
			buildConfigurations = (
				FC64D4A92ACD947E00F825AA /* Debug */,
				FC64D4AA2ACD947E00F825AA /* Release */,
			);
			defaultConfigurationIsVisible = 0;
			defaultConfigurationName = Release;
		};
		FC64D4AB2ACD947E00F825AA /* Build configuration list for PBXNativeTarget "NavegacionSwiftUI" */ = {
			isa = XCConfigurationList;
			buildConfigurations = (
				FC64D4AC2ACD947E00F825AA /* Debug */,
				FC64D4AD2ACD947E00F825AA /* Release */,
			);
			defaultConfigurationIsVisible = 0;
			defaultConfigurationName = Release;
		};
/* End XCConfigurationList section */
	};
	rootObject = FC64D4952ACD947D00F825AA /* Project object */;
}
